{
  "lockfileVersion": 1,
  "workspaces": {
    "": {
      "devDependencies": {
        "@types/bun": "latest",
        "memfs": "^4.38.2",
      },
      "peerDependencies": {
        "typescript": "^5",
      },
    },
  },
  "packages": {
    "@jsonjoy.com/base64": ["@jsonjoy.com/base64@1.1.2", "", { "peerDependencies": { "tslib": "2" } }, "sha512-q6XAnWQDIMA3+FTiOYajoYqySkO+JSat0ytXGSuRdq9uXE7o92gzuQwQM14xaCRlBLGq3v5miDGC4vkVTn54xA=="],

    "@jsonjoy.com/buffers": ["@jsonjoy.com/buffers@1.0.0", "", { "peerDependencies": { "tslib": "2" } }, "sha512-NDigYR3PHqCnQLXYyoLbnEdzMMvzeiCWo1KOut7Q0CoIqg9tUAPKJ1iq/2nFhc5kZtexzutNY0LFjdwWL3Dw3Q=="],

    "@jsonjoy.com/codegen": ["@jsonjoy.com/codegen@1.0.0", "", { "peerDependencies": { "tslib": "2" } }, "sha512-E8Oy+08cmCf0EK/NMxpaJZmOxPqM+6iSe2S4nlSBrPZOORoDJILxtbSUEDKQyTamm/BVAhIGllOBNU79/dwf0g=="],

    "@jsonjoy.com/json-pack": ["@jsonjoy.com/json-pack@1.11.0", "", { "dependencies": { "@jsonjoy.com/base64": "^1.1.2", "@jsonjoy.com/buffers": "^1.0.0", "@jsonjoy.com/codegen": "^1.0.0", "@jsonjoy.com/json-pointer": "^1.0.1", "@jsonjoy.com/util": "^1.9.0", "hyperdyperid": "^1.2.0", "thingies": "^2.5.0" }, "peerDependencies": { "tslib": "2" } }, "sha512-nLqSTAYwpk+5ZQIoVp7pfd/oSKNWlEdvTq2LzVA4r2wtWZg6v+5u0VgBOaDJuUfNOuw/4Ysq6glN5QKSrOCgrA=="],

    "@jsonjoy.com/json-pointer": ["@jsonjoy.com/json-pointer@1.0.2", "", { "dependencies": { "@jsonjoy.com/codegen": "^1.0.0", "@jsonjoy.com/util": "^1.9.0" }, "peerDependencies": { "tslib": "2" } }, "sha512-Fsn6wM2zlDzY1U+v4Nc8bo3bVqgfNTGcn6dMgs6FjrEnt4ZCe60o6ByKRjOGlI2gow0aE/Q41QOigdTqkyK5fg=="],

    "@jsonjoy.com/util": ["@jsonjoy.com/util@1.9.0", "", { "dependencies": { "@jsonjoy.com/buffers": "^1.0.0", "@jsonjoy.com/codegen": "^1.0.0" }, "peerDependencies": { "tslib": "2" } }, "sha512-pLuQo+VPRnN8hfPqUTLTHk126wuYdXVxE6aDmjSeV4NCAgyxWbiOIeNJVtID3h1Vzpoi9m4jXezf73I6LgabgQ=="],

    "@types/bun": ["@types/bun@1.2.17", "", { "dependencies": { "bun-types": "1.2.17" } }, "sha512-l/BYs/JYt+cXA/0+wUhulYJB6a6p//GTPiJ7nV+QHa8iiId4HZmnu/3J/SowP5g0rTiERY2kfGKXEK5Ehltx4Q=="],

    "@types/node": ["@types/node@24.0.10", "", { "dependencies": { "undici-types": "~7.8.0" } }, "sha512-ENHwaH+JIRTDIEEbDK6QSQntAYGtbvdDXnMXnZaZ6k13Du1dPMmprkEHIL7ok2Wl2aZevetwTAb5S+7yIF+enA=="],

    "bun-types": ["bun-types@1.2.17", "", { "dependencies": { "@types/node": "*" } }, "sha512-ElC7ItwT3SCQwYZDYoAH+q6KT4Fxjl8DtZ6qDulUFBmXA8YB4xo+l54J9ZJN+k2pphfn9vk7kfubeSd5QfTVJQ=="],

    "glob-to-regex.js": ["glob-to-regex.js@1.0.1", "", { "peerDependencies": { "tslib": "2" } }, "sha512-CG/iEvgQqfzoVsMUbxSJcwbG2JwyZ3naEqPkeltwl0BSS8Bp83k3xlGms+0QdWFUAwV+uvo80wNswKF6FWEkKg=="],

    "hyperdyperid": ["hyperdyperid@1.2.0", "", {}, "sha512-Y93lCzHYgGWdrJ66yIktxiaGULYc6oGiABxhcO5AufBeOyoIdZF7bIfLaOrbM0iGIOXQQgxxRrFEnb+Y6w1n4A=="],

    "memfs": ["memfs@4.38.2", "", { "dependencies": { "@jsonjoy.com/json-pack": "^1.11.0", "@jsonjoy.com/util": "^1.9.0", "glob-to-regex.js": "^1.0.1", "thingies": "^2.5.0", "tree-dump": "^1.0.3", "tslib": "^2.0.0" } }, "sha512-FpWsVHpAkoSh/LfY1BgAl72BVd374ooMRtDi2VqzBycX4XEfvC0XKACCe0C9VRZoYq5viuoyTv6lYXZ/Q7TrLQ=="],

    "thingies": ["thingies@2.5.0", "", { "peerDependencies": { "tslib": "^2" } }, "sha512-s+2Bwztg6PhWUD7XMfeYm5qliDdSiZm7M7n8KjTkIsm3l/2lgVRc2/Gx/v+ZX8lT4FMA+i8aQvhcWylldc+ZNw=="],

    "tree-dump": ["tree-dump@1.0.3", "", { "peerDependencies": { "tslib": "2" } }, "sha512-il+Cv80yVHFBwokQSfd4bldvr1Md951DpgAGfmhydt04L+YzHgubm2tQ7zueWDcGENKHq0ZvGFR/hjvNXilHEg=="],

    "tslib": ["tslib@2.8.1", "", {}, "sha512-oJFu94HQb+KVduSUQL7wnpmqnfmLsOA/nAh6b6EH0wCEoK0/mPeXU6c3wKDV83MkOuHPRHtSXKKU99IBazS/2w=="],

    "typescript": ["typescript@5.8.3", "", { "bin": { "tsc": "bin/tsc", "tsserver": "bin/tsserver" } }, "sha512-p1diW6TqL9L07nNxvRMM7hMMw4c5XOo/1ibL4aAIGmSAt9slTE1Xgw5KWuof2uTOvCg9BY7ZRi+GaF+7sfgPeQ=="],

    "undici-types": ["undici-types@7.8.0", "", {}, "sha512-9UJ2xGDvQ43tYyVMpuHlsgApydB8ZKfVYTsLDhXkFL/6gfkp+U8xTGdh8pMJv1SpZna0zxG1DwsKZsreLbXBxw=="],
  }
}
